// !$*UTF8*$!
{
	archiveVersion = 1;
	classes = {
	};
	objectVersion = 50;
	objects = {

/* Begin PBXFileReference section */
		BA0713F8281A108E000669E8 /* com.apple.Terminal.plist */ = {isa = PBXFileReference; lastKnownFileType = file.bplist; path = com.apple.Terminal.plist; sourceTree = "<group>"; };
		BA08E3B92606FB04009D83A6 /* test1.sh */ = {isa = PBXFileReference; lastKnownFileType = text.script.sh; path = test1.sh; sourceTree = "<group>"; };
		BA08E3BA2606FB0C009D83A6 /* test2.sh */ = {isa = PBXFileReference; lastKnownFileType = text.script.sh; path = test2.sh; sourceTree = "<group>"; };
		BA0FAE2A275995BC00030DB7 /* TimTr Lighthaus.xccolortheme */ = {isa = PBXFileReference; lastKnownFileType = text.xml; path = "TimTr Lighthaus.xccolortheme"; sourceTree = "<group>"; };
		BA0FAE2D2759A16A00030DB7 /* install-brew.sh */ = {isa = PBXFileReference; lastKnownFileType = text.script.sh; path = "install-brew.sh"; sourceTree = "<group>"; };
		BA1E9B25258FE775005D5A65 /* zshrc.sh */ = {isa = PBXFileReference; lastKnownFileType = text.script.sh; path = zshrc.sh; sourceTree = "<group>"; };
		BA1E9B27258FE775005D5A65 /* functions.sh */ = {isa = PBXFileReference; lastKnownFileType = text.script.sh; path = functions.sh; sourceTree = "<group>"; };
		BA1E9B28258FE775005D5A65 /* zprofile.sh */ = {isa = PBXFileReference; lastKnownFileType = text.script.sh; path = zprofile.sh; sourceTree = "<group>"; };
		BA1E9B2A258FE781005D5A65 /* dot.gitconfig */ = {isa = PBXFileReference; lastKnownFileType = text; path = dot.gitconfig; sourceTree = "<group>"; };
		BA1E9B2B258FE781005D5A65 /* dot.gitignore */ = {isa = PBXFileReference; lastKnownFileType = text; path = dot.gitignore; sourceTree = "<group>"; };
		BA1E9B35258FE814005D5A65 /* TimTr Toothpaste.xccolortheme */ = {isa = PBXFileReference; lastKnownFileType = text.xml; path = "TimTr Toothpaste.xccolortheme"; sourceTree = "<group>"; };
		BA1E9B37258FE814005D5A65 /* TimTr Grey.xccolortheme */ = {isa = PBXFileReference; lastKnownFileType = text.xml; path = "TimTr Grey.xccolortheme"; sourceTree = "<group>"; };
		BA1E9B38258FE814005D5A65 /* TimTr (Dark Default).xccolortheme */ = {isa = PBXFileReference; lastKnownFileType = text.xml; path = "TimTr (Dark Default).xccolortheme"; sourceTree = "<group>"; };
		BA1E9B3A258FE814005D5A65 /* TimTr Dark.xccolortheme */ = {isa = PBXFileReference; lastKnownFileType = text.xml; path = "TimTr Dark.xccolortheme"; sourceTree = "<group>"; };
		BA229F06275EA4D30057779C /* zshenv.sh */ = {isa = PBXFileReference; lastKnownFileType = text.script.sh; path = zshenv.sh; sourceTree = "<group>"; };
		BA25DBCC26DC30DA00AC5D59 /* demo-safari-cycle.html */ = {isa = PBXFileReference; lastKnownFileType = text.html; path = "demo-safari-cycle.html"; sourceTree = "<group>"; };
		BA25DBCD26DC466D00AC5D59 /* demo-safari-backup.html */ = {isa = PBXFileReference; lastKnownFileType = text.html; path = "demo-safari-backup.html"; sourceTree = "<group>"; };
		BA25DBCE26DC467700AC5D59 /* demo-safari-new.html */ = {isa = PBXFileReference; lastKnownFileType = text.html; path = "demo-safari-new.html"; sourceTree = "<group>"; };
		BA3989C4259F954600978484 /* dot-reset.sh */ = {isa = PBXFileReference; lastKnownFileType = text.script.sh; path = "dot-reset.sh"; sourceTree = "<group>"; };
		BA462B91256EF61800BEC226 /* dot-test.sh */ = {isa = PBXFileReference; lastKnownFileType = text.script.sh; path = "dot-test.sh"; sourceTree = "<group>"; };
		BA462B92256EF61800BEC226 /* dot-update.sh */ = {isa = PBXFileReference; lastKnownFileType = text.script.sh; path = "dot-update.sh"; sourceTree = "<group>"; };
		BA462B93256EF61800BEC226 /* dot-install.sh */ = {isa = PBXFileReference; lastKnownFileType = text.script.sh; path = "dot-install.sh"; sourceTree = "<group>"; };
		BA462B95256EF61800BEC226 /* license.md */ = {isa = PBXFileReference; lastKnownFileType = net.daringfireball.markdown; path = license.md; sourceTree = "<group>"; };
		BA9AE2CB2693EEE700D62D30 /* aliases.sh */ = {isa = PBXFileReference; lastKnownFileType = text.script.sh; path = aliases.sh; sourceTree = "<group>"; };
		BA9B1A2D2607FD090068E61E /* setup.sh */ = {isa = PBXFileReference; lastKnownFileType = text.script.sh; path = setup.sh; sourceTree = "<group>"; };
		BA9B1A2E2607FD940068E61E /* test3.sh */ = {isa = PBXFileReference; lastKnownFileType = text.script.sh; path = test3.sh; sourceTree = "<group>"; };
		BAB331B726D478DD000967B5 /* setup-linux.sh */ = {isa = PBXFileReference; lastKnownFileType = text.script.sh; path = "setup-linux.sh"; sourceTree = "<group>"; };
		BABA38F427AC708E00EBDA86 /* readme.md */ = {isa = PBXFileReference; lastKnownFileType = net.daringfireball.markdown; path = readme.md; sourceTree = "<group>"; };
		BAD43EC3269255710098B6ED /* zprofile.sh */ = {isa = PBXFileReference; lastKnownFileType = text.script.sh; path = zprofile.sh; sourceTree = "<group>"; };
		BAD43EC4269255720098B6ED /* zshrc.sh */ = {isa = PBXFileReference; lastKnownFileType = text.script.sh; path = zshrc.sh; sourceTree = "<group>"; };
		BAD43EC5269255720098B6ED /* functions.sh */ = {isa = PBXFileReference; lastKnownFileType = text.script.sh; path = functions.sh; sourceTree = "<group>"; };
		BAD43EC7269255720098B6ED /* update-linux.sh */ = {isa = PBXFileReference; lastKnownFileType = text.script.sh; path = "update-linux.sh"; sourceTree = "<group>"; };
		BADBE7D92732F65800682EC3 /* local.sh */ = {isa = PBXFileReference; lastKnownFileType = text.script.sh; path = local.sh; sourceTree = "<group>"; };
		BAE773EC259BC652000933FE /* install-ruby.sh */ = {isa = PBXFileReference; lastKnownFileType = text.script.sh; path = "install-ruby.sh"; sourceTree = "<group>"; };
		BAEBF5D626D31306007A028E /* setup-macos.sh */ = {isa = PBXFileReference; lastKnownFileType = text.script.sh; path = "setup-macos.sh"; sourceTree = "<group>"; };
		BAF13F2126D9762C000D5261 /* dot.hyper.js */ = {isa = PBXFileReference; lastKnownFileType = sourcecode.javascript; path = dot.hyper.js; sourceTree = "<group>"; };
		BAF13F2326D97FBF000D5261 /* demo-homebrew.sh */ = {isa = PBXFileReference; lastKnownFileType = text.script.sh; path = "demo-homebrew.sh"; sourceTree = "<group>"; };
		BAF35A0B259FF70600F7099D /* update-ruby.sh */ = {isa = PBXFileReference; lastKnownFileType = text.script.sh; path = "update-ruby.sh"; sourceTree = "<group>"; };
		BAF5518126D4330F008FE898 /* dot.vimrc */ = {isa = PBXFileReference; lastKnownFileType = text; path = dot.vimrc; sourceTree = "<group>"; };
/* End PBXFileReference section */

/* Begin PBXGroup section */
		BA08E3B82606FAEE009D83A6 /* Test */ = {
			isa = PBXGroup;
			children = (
				BA462B91256EF61800BEC226 /* dot-test.sh */,
				BA462B93256EF61800BEC226 /* dot-install.sh */,
				BA462B92256EF61800BEC226 /* dot-update.sh */,
				BA3989C4259F954600978484 /* dot-reset.sh */,
				BA08E3B92606FB04009D83A6 /* test1.sh */,
				BA08E3BA2606FB0C009D83A6 /* test2.sh */,
				BA9B1A2E2607FD940068E61E /* test3.sh */,
			);
			path = Test;
			sourceTree = "<group>";
		};
		BA1E9B2E258FE7D9005D5A65 /* Xcode */ = {
			isa = PBXGroup;
			children = (
				BA1E9B38258FE814005D5A65 /* TimTr (Dark Default).xccolortheme */,
				BA1E9B3A258FE814005D5A65 /* TimTr Dark.xccolortheme */,
				BA1E9B37258FE814005D5A65 /* TimTr Grey.xccolortheme */,
				BA0FAE2A275995BC00030DB7 /* TimTr Lighthaus.xccolortheme */,
				BA1E9B35258FE814005D5A65 /* TimTr Toothpaste.xccolortheme */,
			);
			path = Xcode;
			sourceTree = "<group>";
		};
		BA462B8A256EF60500BEC226 = {
			isa = PBXGroup;
			children = (
				BABA38F427AC708E00EBDA86 /* readme.md */,
				BA9B1A2D2607FD090068E61E /* setup.sh */,
				BAD43EC2269255280098B6ED /* Mac */,
				BAD43EC1269254E00098B6ED /* Linux */,
				BA08E3B82606FAEE009D83A6 /* Test */,
				BA462B95256EF61800BEC226 /* license.md */,
			);
			sourceTree = "<group>";
		};
		BA462B99256EF66400BEC226 /* Preferences */ = {
			isa = PBXGroup;
			children = (
				BA0713F8281A108E000669E8 /* com.apple.Terminal.plist */,
				BAF13F2126D9762C000D5261 /* dot.hyper.js */,
				BA1E9B2A258FE781005D5A65 /* dot.gitconfig */,
				BA1E9B2B258FE781005D5A65 /* dot.gitignore */,
				BAF5518126D4330F008FE898 /* dot.vimrc */,
			);
			path = Preferences;
			sourceTree = "<group>";
		};
		BAD43EC1269254E00098B6ED /* Linux */ = {
			isa = PBXGroup;
			children = (
				BAB331B726D478DD000967B5 /* setup-linux.sh */,
				BAD43EC7269255720098B6ED /* update-linux.sh */,
				BAD43EC5269255720098B6ED /* functions.sh */,
				BAD43EC3269255710098B6ED /* zprofile.sh */,
				BAD43EC4269255720098B6ED /* zshrc.sh */,
			);
			path = Linux;
			sourceTree = "<group>";
		};
		BAD43EC2269255280098B6ED /* Mac */ = {
			isa = PBXGroup;
			children = (
				BAF13F2226D97F32000D5261 /* Scripts */,
				BA1E9B2E258FE7D9005D5A65 /* Xcode */,
				BA462B99256EF66400BEC226 /* Preferences */,
				BAEBF5D626D31306007A028E /* setup-macos.sh */,
				BADBE7D92732F65800682EC3 /* local.sh */,
				BA9AE2CB2693EEE700D62D30 /* aliases.sh */,
				BA1E9B27258FE775005D5A65 /* functions.sh */,
				BA1E9B28258FE775005D5A65 /* zprofile.sh */,
				BA229F06275EA4D30057779C /* zshenv.sh */,
				BA1E9B25258FE775005D5A65 /* zshrc.sh */,
			);
			path = Mac;
			sourceTree = "<group>";
		};
		BAF13F2226D97F32000D5261 /* Scripts */ = {
			isa = PBXGroup;
			children = (
				BAE773EC259BC652000933FE /* install-ruby.sh */,
				BA0FAE2D2759A16A00030DB7 /* install-brew.sh */,
				BAF35A0B259FF70600F7099D /* update-ruby.sh */,
				BA25DBCC26DC30DA00AC5D59 /* demo-safari-cycle.html */,
				BA25DBCE26DC467700AC5D59 /* demo-safari-new.html */,
				BA25DBCD26DC466D00AC5D59 /* demo-safari-backup.html */,
				BAF13F2326D97FBF000D5261 /* demo-homebrew.sh */,
			);
			path = Scripts;
			sourceTree = "<group>";
		};
/* End PBXGroup section */

/* Begin PBXProject section */
		BA462B8B256EF60500BEC226 /* Project object */ = {
			isa = PBXProject;
			attributes = {
				LastUpgradeCheck = 1230;
			};
			buildConfigurationList = BA462B8E256EF60500BEC226 /* Build configuration list for PBXProject "dotfiles" */;
			compatibilityVersion = "Xcode 9.3";
			developmentRegion = en;
			hasScannedForEncodings = 0;
			knownRegions = (
				en,
				Base,
			);
			mainGroup = BA462B8A256EF60500BEC226;
			projectDirPath = "";
			projectRoot = "";
			targets = (
			);
		};
/* End PBXProject section */

/* Begin XCBuildConfiguration section */
		BA462B8F256EF60500BEC226 /* Debug */ = {
			isa = XCBuildConfiguration;
			buildSettings = {
				CLANG_WARN_BLOCK_CAPTURE_AUTORELEASING = YES;
				CLANG_WARN_BOOL_CONVERSION = YES;
				CLANG_WARN_COMMA = YES;
				CLANG_WARN_CONSTANT_CONVERSION = YES;
				CLANG_WARN_DEPRECATED_OBJC_IMPLEMENTATIONS = YES;
				CLANG_WARN_EMPTY_BODY = YES;
				CLANG_WARN_ENUM_CONVERSION = YES;
				CLANG_WARN_INFINITE_RECURSION = YES;
				CLANG_WARN_INT_CONVERSION = YES;
				CLANG_WARN_NON_LITERAL_NULL_CONVERSION = YES;
				CLANG_WARN_OBJC_IMPLICIT_RETAIN_SELF = YES;
				CLANG_WARN_OBJC_LITERAL_CONVERSION = YES;
				CLANG_WARN_QUOTED_INCLUDE_IN_FRAMEWORK_HEADER = YES;
				CLANG_WARN_RANGE_LOOP_ANALYSIS = YES;
				CLANG_WARN_STRICT_PROTOTYPES = YES;
				CLANG_WARN_SUSPICIOUS_MOVE = YES;
				CLANG_WARN_UNREACHABLE_CODE = YES;
				CLANG_WARN__DUPLICATE_METHOD_MATCH = YES;
				ENABLE_STRICT_OBJC_MSGSEND = YES;
				ENABLE_TESTABILITY = YES;
				GCC_NO_COMMON_BLOCKS = YES;
				GCC_WARN_64_TO_32_BIT_CONVERSION = YES;
				GCC_WARN_ABOUT_RETURN_TYPE = YES;
				GCC_WARN_UNDECLARED_SELECTOR = YES;
				GCC_WARN_UNINITIALIZED_AUTOS = YES;
				GCC_WARN_UNUSED_FUNCTION = YES;
				GCC_WARN_UNUSED_VARIABLE = YES;
				ONLY_ACTIVE_ARCH = YES;
			};
			name = Debug;
		};
		BA462B90256EF60500BEC226 /* Release */ = {
			isa = XCBuildConfiguration;
			buildSettings = {
				CLANG_WARN_BLOCK_CAPTURE_AUTORELEASING = YES;
				CLANG_WARN_BOOL_CONVERSION = YES;
				CLANG_WARN_COMMA = YES;
				CLANG_WARN_CONSTANT_CONVERSION = YES;
				CLANG_WARN_DEPRECATED_OBJC_IMPLEMENTATIONS = YES;
				CLANG_WARN_EMPTY_BODY = YES;
				CLANG_WARN_ENUM_CONVERSION = YES;
				CLANG_WARN_INFINITE_RECURSION = YES;
				CLANG_WARN_INT_CONVERSION = YES;
				CLANG_WARN_NON_LITERAL_NULL_CONVERSION = YES;
				CLANG_WARN_OBJC_IMPLICIT_RETAIN_SELF = YES;
				CLANG_WARN_OBJC_LITERAL_CONVERSION = YES;
				CLANG_WARN_QUOTED_INCLUDE_IN_FRAMEWORK_HEADER = YES;
				CLANG_WARN_RANGE_LOOP_ANALYSIS = YES;
				CLANG_WARN_STRICT_PROTOTYPES = YES;
				CLANG_WARN_SUSPICIOUS_MOVE = YES;
				CLANG_WARN_UNREACHABLE_CODE = YES;
				CLANG_WARN__DUPLICATE_METHOD_MATCH = YES;
				ENABLE_STRICT_OBJC_MSGSEND = YES;
				GCC_NO_COMMON_BLOCKS = YES;
				GCC_WARN_64_TO_32_BIT_CONVERSION = YES;
				GCC_WARN_ABOUT_RETURN_TYPE = YES;
				GCC_WARN_UNDECLARED_SELECTOR = YES;
				GCC_WARN_UNINITIALIZED_AUTOS = YES;
				GCC_WARN_UNUSED_FUNCTION = YES;
				GCC_WARN_UNUSED_VARIABLE = YES;
			};
			name = Release;
		};
/* End XCBuildConfiguration section */

/* Begin XCConfigurationList section */
		BA462B8E256EF60500BEC226 /* Build configuration list for PBXProject "dotfiles" */ = {
			isa = XCConfigurationList;
			buildConfigurations = (
				BA462B8F256EF60500BEC226 /* Debug */,
				BA462B90256EF60500BEC226 /* Release */,
			);
			defaultConfigurationIsVisible = 0;
			defaultConfigurationName = Release;
		};
/* End XCConfigurationList section */
	};
	rootObject = BA462B8B256EF60500BEC226 /* Project object */;
}
