// !$*UTF8*$!
{
	archiveVersion = 1;
	classes = {
	};
	objectVersion = 50;
	objects = {

/* Begin PBXFileReference section */
		BA0D7AE92571F5220057E271 /* install.sh */ = {isa = PBXFileReference; lastKnownFileType = text.script.sh; path = install.sh; sourceTree = "<group>"; };
		BA462B91256EF61800BEC226 /* dot-test-template.sh */ = {isa = PBXFileReference; lastKnownFileType = text.script.sh; path = "dot-test-template.sh"; sourceTree = "<group>"; };
		BA462B92256EF61800BEC226 /* dot-update.sh */ = {isa = PBXFileReference; lastKnownFileType = text.script.sh; path = "dot-update.sh"; sourceTree = "<group>"; };
		BA462B93256EF61800BEC226 /* dot-install.sh */ = {isa = PBXFileReference; lastKnownFileType = text.script.sh; path = "dot-install.sh"; sourceTree = "<group>"; };
		BA462B94256EF61800BEC226 /* README.md */ = {isa = PBXFileReference; lastKnownFileType = net.daringfireball.markdown; path = README.md; sourceTree = "<group>"; };
		BA462B95256EF61800BEC226 /* LICENSE.md */ = {isa = PBXFileReference; lastKnownFileType = net.daringfireball.markdown; path = LICENSE.md; sourceTree = "<group>"; };
/* End PBXFileReference section */

/* Begin PBXGroup section */
		BA0D7AE82571F4DC0057E271 /* template-setup */ = {
			isa = PBXGroup;
			children = (
				BA0D7AE92571F5220057E271 /* install.sh */,
			);
			path = "template-setup";
			sourceTree = "<group>";
		};
		BA462B8A256EF60500BEC226 = {
			isa = PBXGroup;
			children = (
				BA462B94256EF61800BEC226 /* README.md */,
				BA462B99256EF66400BEC226 /* macos-settings */,
				BA462B98256EF64500BEC226 /* macos-homebrew */,
				BA462B97256EF63600BEC226 /* macos-tools */,
				BA462B96256EF62A00BEC226 /* macos-system */,
				BA0D7AE82571F4DC0057E271 /* template-setup */,
				BA462B95256EF61800BEC226 /* LICENSE.md */,
				BA462B93256EF61800BEC226 /* dot-install.sh */,
				BA462B91256EF61800BEC226 /* dot-test-template.sh */,
				BA462B92256EF61800BEC226 /* dot-update.sh */,
			);
			sourceTree = "<group>";
		};
		BA462B96256EF62A00BEC226 /* macos-system */ = {
			isa = PBXGroup;
			children = (
			);
			path = "macos-system";
			sourceTree = "<group>";
		};
		BA462B97256EF63600BEC226 /* macos-tools */ = {
			isa = PBXGroup;
			children = (
			);
			path = "macos-tools";
			sourceTree = "<group>";
		};
		BA462B98256EF64500BEC226 /* macos-homebrew */ = {
			isa = PBXGroup;
			children = (
			);
			path = "macos-homebrew";
			sourceTree = "<group>";
		};
		BA462B99256EF66400BEC226 /* macos-settings */ = {
			isa = PBXGroup;
			children = (
			);
			path = "macos-settings";
			sourceTree = "<group>";
		};
/* End PBXGroup section */

/* Begin PBXProject section */
		BA462B8B256EF60500BEC226 /* Project object */ = {
			isa = PBXProject;
			attributes = {
				LastUpgradeCheck = 1220;
			};
			buildConfigurationList = BA462B8E256EF60500BEC226 /* Build configuration list for PBXProject "DotFiles" */;
			compatibilityVersion = "Xcode 9.3";
			developmentRegion = en;
			hasScannedForEncodings = 0;
			knownRegions = (
				en,
				Base,
			);
			mainGroup = BA462B8A256EF60500BEC226;
			projectDirPath = "";
			projectRoot = "";
			targets = (
			);
		};
/* End PBXProject section */

/* Begin XCBuildConfiguration section */
		BA462B8F256EF60500BEC226 /* Debug */ = {
			isa = XCBuildConfiguration;
			buildSettings = {
			};
			name = Debug;
		};
		BA462B90256EF60500BEC226 /* Release */ = {
			isa = XCBuildConfiguration;
			buildSettings = {
			};
			name = Release;
		};
/* End XCBuildConfiguration section */

/* Begin XCConfigurationList section */
		BA462B8E256EF60500BEC226 /* Build configuration list for PBXProject "DotFiles" */ = {
			isa = XCConfigurationList;
			buildConfigurations = (
				BA462B8F256EF60500BEC226 /* Debug */,
				BA462B90256EF60500BEC226 /* Release */,
			);
			defaultConfigurationIsVisible = 0;
			defaultConfigurationName = Release;
		};
/* End XCConfigurationList section */
	};
	rootObject = BA462B8B256EF60500BEC226 /* Project object */;
}
